// !$*UTF8*$!
{
	archiveVersion = 1;
	classes = {
	};
	objectVersion = 50;
	objects = {

/* Begin PBXBuildFile section */
		922D6F4F2305DAB8004C0C34 /* AppDelegate.m in Sources */ = {isa = PBXBuildFile; fileRef = 922D6F4E2305DAB8004C0C34 /* AppDelegate.m */; };
		922D6F552305DAB8004C0C34 /* Main.storyboard in Resources */ = {isa = PBXBuildFile; fileRef = 922D6F532305DAB8004C0C34 /* Main.storyboard */; };
		922D6F572305DAB9004C0C34 /* Assets.xcassets in Resources */ = {isa = PBXBuildFile; fileRef = 922D6F562305DAB9004C0C34 /* Assets.xcassets */; };
		922D6F5A2305DAB9004C0C34 /* LaunchScreen.storyboard in Resources */ = {isa = PBXBuildFile; fileRef = 922D6F582305DAB9004C0C34 /* LaunchScreen.storyboard */; };
		922D6F5D2305DAB9004C0C34 /* main.m in Sources */ = {isa = PBXBuildFile; fileRef = 922D6F5C2305DAB9004C0C34 /* main.m */; };
		922D6F832305E23E004C0C34 /* PictureVC.m in Sources */ = {isa = PBXBuildFile; fileRef = 922D6F822305E23E004C0C34 /* PictureVC.m */; };
		922D6F882305E262004C0C34 /* GalleryVC.m in Sources */ = {isa = PBXBuildFile; fileRef = 922D6F872305E262004C0C34 /* GalleryVC.m */; };
		922D6F912305E5F6004C0C34 /* Picture.swift in Sources */ = {isa = PBXBuildFile; fileRef = 922D6F902305E5F6004C0C34 /* Picture.swift */; };
		922D6F962305E78F004C0C34 /* Gallery.swift in Sources */ = {isa = PBXBuildFile; fileRef = 922D6F952305E78F004C0C34 /* Gallery.swift */; };
		92E77C002305EBF90094BFF5 /* FlickrService.swift in Sources */ = {isa = PBXBuildFile; fileRef = 92E77BFF2305EBF90094BFF5 /* FlickrService.swift */; };
		92E77C052305F52F0094BFF5 /* JSONParser.swift in Sources */ = {isa = PBXBuildFile; fileRef = 92E77C042305F52F0094BFF5 /* JSONParser.swift */; };
		92E77C09230609B10094BFF5 /* Media.swift in Sources */ = {isa = PBXBuildFile; fileRef = 92E77C08230609B10094BFF5 /* Media.swift */; };
		92E77C0D23060A630094BFF5 /* PageViewManager.swift in Sources */ = {isa = PBXBuildFile; fileRef = 92E77C0C23060A630094BFF5 /* PageViewManager.swift */; };
		92E77C11230734B40094BFF5 /* ImageService.swift in Sources */ = {isa = PBXBuildFile; fileRef = 92E77C10230734B40094BFF5 /* ImageService.swift */; };
		92E77C1623073A310094BFF5 /* UIViewController+Extensions.swift in Sources */ = {isa = PBXBuildFile; fileRef = 92E77C1523073A310094BFF5 /* UIViewController+Extensions.swift */; };
/* End PBXBuildFile section */

/* Begin PBXFileReference section */
		922D6F4A2305DAB8004C0C34 /* PicsNStuff.app */ = {isa = PBXFileReference; explicitFileType = wrapper.application; includeInIndex = 0; path = PicsNStuff.app; sourceTree = BUILT_PRODUCTS_DIR; };
		922D6F4D2305DAB8004C0C34 /* AppDelegate.h */ = {isa = PBXFileReference; lastKnownFileType = sourcecode.c.h; path = AppDelegate.h; sourceTree = "<group>"; };
		922D6F4E2305DAB8004C0C34 /* AppDelegate.m */ = {isa = PBXFileReference; lastKnownFileType = sourcecode.c.objc; path = AppDelegate.m; sourceTree = "<group>"; };
		922D6F542305DAB8004C0C34 /* Base */ = {isa = PBXFileReference; lastKnownFileType = file.storyboard; name = Base; path = Base.lproj/Main.storyboard; sourceTree = "<group>"; };
		922D6F562305DAB9004C0C34 /* Assets.xcassets */ = {isa = PBXFileReference; lastKnownFileType = folder.assetcatalog; path = Assets.xcassets; sourceTree = "<group>"; };
		922D6F592305DAB9004C0C34 /* Base */ = {isa = PBXFileReference; lastKnownFileType = file.storyboard; name = Base; path = Base.lproj/LaunchScreen.storyboard; sourceTree = "<group>"; };
		922D6F5B2305DAB9004C0C34 /* Info.plist */ = {isa = PBXFileReference; lastKnownFileType = text.plist.xml; path = Info.plist; sourceTree = "<group>"; };
		922D6F5C2305DAB9004C0C34 /* main.m */ = {isa = PBXFileReference; lastKnownFileType = sourcecode.c.objc; path = main.m; sourceTree = "<group>"; };
		922D6F812305E23E004C0C34 /* PictureVC.h */ = {isa = PBXFileReference; lastKnownFileType = sourcecode.c.h; path = PictureVC.h; sourceTree = "<group>"; };
		922D6F822305E23E004C0C34 /* PictureVC.m */ = {isa = PBXFileReference; lastKnownFileType = sourcecode.c.objc; path = PictureVC.m; sourceTree = "<group>"; wrapsLines = 0; };
		922D6F862305E262004C0C34 /* GalleryVC.h */ = {isa = PBXFileReference; lastKnownFileType = sourcecode.c.h; path = GalleryVC.h; sourceTree = "<group>"; };
		922D6F872305E262004C0C34 /* GalleryVC.m */ = {isa = PBXFileReference; lastKnownFileType = sourcecode.c.objc; path = GalleryVC.m; sourceTree = "<group>"; wrapsLines = 0; };
		922D6F8D2305E5F6004C0C34 /* PicsNStuff-Bridging-Header.h */ = {isa = PBXFileReference; lastKnownFileType = sourcecode.c.h; name = "PicsNStuff-Bridging-Header.h"; path = "PicsNStuff/Bridging Headers/PicsNStuff-Bridging-Header.h"; sourceTree = SOURCE_ROOT; };
		922D6F8E2305E5F6004C0C34 /* PicsNStuffTests-Bridging-Header.h */ = {isa = PBXFileReference; lastKnownFileType = sourcecode.c.h; path = "PicsNStuffTests-Bridging-Header.h"; sourceTree = "<group>"; };
		922D6F8F2305E5F6004C0C34 /* PicsNStuffUITests-Bridging-Header.h */ = {isa = PBXFileReference; lastKnownFileType = sourcecode.c.h; path = "PicsNStuffUITests-Bridging-Header.h"; sourceTree = "<group>"; };
		922D6F902305E5F6004C0C34 /* Picture.swift */ = {isa = PBXFileReference; lastKnownFileType = sourcecode.swift; path = Picture.swift; sourceTree = "<group>"; };
		922D6F952305E78F004C0C34 /* Gallery.swift */ = {isa = PBXFileReference; lastKnownFileType = sourcecode.swift; path = Gallery.swift; sourceTree = "<group>"; };
		92E77BFF2305EBF90094BFF5 /* FlickrService.swift */ = {isa = PBXFileReference; lastKnownFileType = sourcecode.swift; path = FlickrService.swift; sourceTree = "<group>"; wrapsLines = 0; };
		92E77C042305F52F0094BFF5 /* JSONParser.swift */ = {isa = PBXFileReference; lastKnownFileType = sourcecode.swift; path = JSONParser.swift; sourceTree = "<group>"; };
		92E77C08230609B10094BFF5 /* Media.swift */ = {isa = PBXFileReference; lastKnownFileType = sourcecode.swift; path = Media.swift; sourceTree = "<group>"; };
		92E77C0C23060A630094BFF5 /* PageViewManager.swift */ = {isa = PBXFileReference; lastKnownFileType = sourcecode.swift; path = PageViewManager.swift; sourceTree = "<group>"; wrapsLines = 0; };
		92E77C10230734B40094BFF5 /* ImageService.swift */ = {isa = PBXFileReference; lastKnownFileType = sourcecode.swift; path = ImageService.swift; sourceTree = "<group>"; };
		92E77C1523073A310094BFF5 /* UIViewController+Extensions.swift */ = {isa = PBXFileReference; lastKnownFileType = sourcecode.swift; path = "UIViewController+Extensions.swift"; sourceTree = "<group>"; };
/* End PBXFileReference section */

/* Begin PBXFrameworksBuildPhase section */
		922D6F472305DAB8004C0C34 /* Frameworks */ = {
			isa = PBXFrameworksBuildPhase;
			buildActionMask = 2147483647;
			files = (
			);
			runOnlyForDeploymentPostprocessing = 0;
		};
/* End PBXFrameworksBuildPhase section */

/* Begin PBXGroup section */
		922D6F412305DAB8004C0C34 = {
			isa = PBXGroup;
			children = (
				922D6F4C2305DAB8004C0C34 /* PicsNStuff */,
				922D6F4B2305DAB8004C0C34 /* Products */,
			);
			sourceTree = "<group>";
		};
		922D6F4B2305DAB8004C0C34 /* Products */ = {
			isa = PBXGroup;
			children = (
				922D6F4A2305DAB8004C0C34 /* PicsNStuff.app */,
			);
			name = Products;
			sourceTree = "<group>";
		};
		922D6F4C2305DAB8004C0C34 /* PicsNStuff */ = {
			isa = PBXGroup;
			children = (
				922D6F4D2305DAB8004C0C34 /* AppDelegate.h */,
				922D6F4E2305DAB8004C0C34 /* AppDelegate.m */,
				922D6F5C2305DAB9004C0C34 /* main.m */,
				922D6F5B2305DAB9004C0C34 /* Info.plist */,
				922D6F942305E602004C0C34 /* Bridging Headers */,
				92E77C1423073A150094BFF5 /* Extensions */,
				922D6F8C2305E5D2004C0C34 /* Model */,
				922D6F7F2305DACB004C0C34 /* Resources */,
				92E77C032305F1460094BFF5 /* Service Layer */,
				922D6F802305DADB004C0C34 /* View Controllers */,
			);
			path = PicsNStuff;
			sourceTree = "<group>";
		};
		922D6F7F2305DACB004C0C34 /* Resources */ = {
			isa = PBXGroup;
			children = (
				922D6F562305DAB9004C0C34 /* Assets.xcassets */,
				922D6F582305DAB9004C0C34 /* LaunchScreen.storyboard */,
				922D6F532305DAB8004C0C34 /* Main.storyboard */,
			);
			path = Resources;
			sourceTree = "<group>";
		};
		922D6F802305DADB004C0C34 /* View Controllers */ = {
			isa = PBXGroup;
			children = (
				922D6F8B2305E267004C0C34 /* View Managers */,
				922D6F862305E262004C0C34 /* GalleryVC.h */,
				922D6F812305E23E004C0C34 /* PictureVC.h */,
				922D6F872305E262004C0C34 /* GalleryVC.m */,
				922D6F822305E23E004C0C34 /* PictureVC.m */,
			);
			path = "View Controllers";
			sourceTree = "<group>";
		};
		922D6F8B2305E267004C0C34 /* View Managers */ = {
			isa = PBXGroup;
			children = (
				92E77C0C23060A630094BFF5 /* PageViewManager.swift */,
			);
			path = "View Managers";
			sourceTree = "<group>";
		};
		922D6F8C2305E5D2004C0C34 /* Model */ = {
			isa = PBXGroup;
			children = (
				92E77BFE2305EBBF0094BFF5 /* Model Objects */,
			);
			path = Model;
			sourceTree = "<group>";
		};
		922D6F942305E602004C0C34 /* Bridging Headers */ = {
			isa = PBXGroup;
			children = (
				922D6F8D2305E5F6004C0C34 /* PicsNStuff-Bridging-Header.h */,
				922D6F8E2305E5F6004C0C34 /* PicsNStuffTests-Bridging-Header.h */,
				922D6F8F2305E5F6004C0C34 /* PicsNStuffUITests-Bridging-Header.h */,
			);
			path = "Bridging Headers";
			sourceTree = "<group>";
		};
		92E77BFE2305EBBF0094BFF5 /* Model Objects */ = {
			isa = PBXGroup;
			children = (
				922D6F902305E5F6004C0C34 /* Picture.swift */,
				922D6F952305E78F004C0C34 /* Gallery.swift */,
				92E77C08230609B10094BFF5 /* Media.swift */,
			);
			path = "Model Objects";
			sourceTree = "<group>";
		};
		92E77C032305F1460094BFF5 /* Service Layer */ = {
			isa = PBXGroup;
			children = (
				92E77BFF2305EBF90094BFF5 /* FlickrService.swift */,
				92E77C042305F52F0094BFF5 /* JSONParser.swift */,
				92E77C10230734B40094BFF5 /* ImageService.swift */,
			);
			path = "Service Layer";
			sourceTree = "<group>";
		};
		92E77C1423073A150094BFF5 /* Extensions */ = {
			isa = PBXGroup;
			children = (
				92E77C1523073A310094BFF5 /* UIViewController+Extensions.swift */,
			);
			path = Extensions;
			sourceTree = "<group>";
		};
/* End PBXGroup section */

/* Begin PBXNativeTarget section */
		922D6F492305DAB8004C0C34 /* PicsNStuff */ = {
			isa = PBXNativeTarget;
			buildConfigurationList = 922D6F762305DAB9004C0C34 /* Build configuration list for PBXNativeTarget "PicsNStuff" */;
			buildPhases = (
				922D6F462305DAB8004C0C34 /* Sources */,
				922D6F472305DAB8004C0C34 /* Frameworks */,
				922D6F482305DAB8004C0C34 /* Resources */,
			);
			buildRules = (
			);
			dependencies = (
			);
			name = PicsNStuff;
			productName = PicsNStuff;
			productReference = 922D6F4A2305DAB8004C0C34 /* PicsNStuff.app */;
			productType = "com.apple.product-type.application";
		};
/* End PBXNativeTarget section */

/* Begin PBXProject section */
		922D6F422305DAB8004C0C34 /* Project object */ = {
			isa = PBXProject;
			attributes = {
				LastUpgradeCheck = 1020;
				ORGANIZATIONNAME = Swingaroo2;
				TargetAttributes = {
					922D6F492305DAB8004C0C34 = {
						CreatedOnToolsVersion = 10.2.1;
						LastSwiftMigration = 1020;
					};
				};
			};
			buildConfigurationList = 922D6F452305DAB8004C0C34 /* Build configuration list for PBXProject "PicsNStuff" */;
			compatibilityVersion = "Xcode 9.3";
			developmentRegion = en;
			hasScannedForEncodings = 0;
			knownRegions = (
				en,
				Base,
			);
			mainGroup = 922D6F412305DAB8004C0C34;
			productRefGroup = 922D6F4B2305DAB8004C0C34 /* Products */;
			projectDirPath = "";
			projectRoot = "";
			targets = (
				922D6F492305DAB8004C0C34 /* PicsNStuff */,
			);
		};
/* End PBXProject section */

/* Begin PBXResourcesBuildPhase section */
		922D6F482305DAB8004C0C34 /* Resources */ = {
			isa = PBXResourcesBuildPhase;
			buildActionMask = 2147483647;
			files = (
				922D6F5A2305DAB9004C0C34 /* LaunchScreen.storyboard in Resources */,
				922D6F572305DAB9004C0C34 /* Assets.xcassets in Resources */,
				922D6F552305DAB8004C0C34 /* Main.storyboard in Resources */,
			);
			runOnlyForDeploymentPostprocessing = 0;
		};
/* End PBXResourcesBuildPhase section */

/* Begin PBXSourcesBuildPhase section */
		922D6F462305DAB8004C0C34 /* Sources */ = {
			isa = PBXSourcesBuildPhase;
			buildActionMask = 2147483647;
			files = (
				922D6F912305E5F6004C0C34 /* Picture.swift in Sources */,
				92E77C1623073A310094BFF5 /* UIViewController+Extensions.swift in Sources */,
				92E77C052305F52F0094BFF5 /* JSONParser.swift in Sources */,
				92E77C002305EBF90094BFF5 /* FlickrService.swift in Sources */,
				92E77C0D23060A630094BFF5 /* PageViewManager.swift in Sources */,
				92E77C11230734B40094BFF5 /* ImageService.swift in Sources */,
				92E77C09230609B10094BFF5 /* Media.swift in Sources */,
				922D6F962305E78F004C0C34 /* Gallery.swift in Sources */,
				922D6F5D2305DAB9004C0C34 /* main.m in Sources */,
				922D6F4F2305DAB8004C0C34 /* AppDelegate.m in Sources */,
				922D6F832305E23E004C0C34 /* PictureVC.m in Sources */,
				922D6F882305E262004C0C34 /* GalleryVC.m in Sources */,
			);
			runOnlyForDeploymentPostprocessing = 0;
		};
/* End PBXSourcesBuildPhase section */

/* Begin PBXVariantGroup section */
		922D6F532305DAB8004C0C34 /* Main.storyboard */ = {
			isa = PBXVariantGroup;
			children = (
				922D6F542305DAB8004C0C34 /* Base */,
			);
			name = Main.storyboard;
			sourceTree = "<group>";
		};
		922D6F582305DAB9004C0C34 /* LaunchScreen.storyboard */ = {
			isa = PBXVariantGroup;
			children = (
				922D6F592305DAB9004C0C34 /* Base */,
			);
			name = LaunchScreen.storyboard;
			sourceTree = "<group>";
		};
/* End PBXVariantGroup section */

/* Begin XCBuildConfiguration section */
		922D6F742305DAB9004C0C34 /* Debug */ = {
			isa = XCBuildConfiguration;
			buildSettings = {
				ALWAYS_SEARCH_USER_PATHS = NO;
				CLANG_ANALYZER_NONNULL = YES;
				CLANG_ANALYZER_NUMBER_OBJECT_CONVERSION = YES_AGGRESSIVE;
				CLANG_CXX_LANGUAGE_STANDARD = "gnu++14";
				CLANG_CXX_LIBRARY = "libc++";
				CLANG_ENABLE_MODULES = YES;
				CLANG_ENABLE_OBJC_ARC = YES;
				CLANG_ENABLE_OBJC_WEAK = YES;
				CLANG_WARN_BLOCK_CAPTURE_AUTORELEASING = YES;
				CLANG_WARN_BOOL_CONVERSION = YES;
				CLANG_WARN_COMMA = YES;
				CLANG_WARN_CONSTANT_CONVERSION = YES;
				CLANG_WARN_DEPRECATED_OBJC_IMPLEMENTATIONS = YES;
				CLANG_WARN_DIRECT_OBJC_ISA_USAGE = YES_ERROR;
				CLANG_WARN_DOCUMENTATION_COMMENTS = YES;
				CLANG_WARN_EMPTY_BODY = YES;
				CLANG_WARN_ENUM_CONVERSION = YES;
				CLANG_WARN_INFINITE_RECURSION = YES;
				CLANG_WARN_INT_CONVERSION = YES;
				CLANG_WARN_NON_LITERAL_NULL_CONVERSION = YES;
				CLANG_WARN_OBJC_IMPLICIT_RETAIN_SELF = YES;
				CLANG_WARN_OBJC_LITERAL_CONVERSION = YES;
				CLANG_WARN_OBJC_ROOT_CLASS = YES_ERROR;
				CLANG_WARN_RANGE_LOOP_ANALYSIS = YES;
				CLANG_WARN_STRICT_PROTOTYPES = YES;
				CLANG_WARN_SUSPICIOUS_MOVE = YES;
				CLANG_WARN_UNGUARDED_AVAILABILITY = YES_AGGRESSIVE;
				CLANG_WARN_UNREACHABLE_CODE = YES;
				CLANG_WARN__DUPLICATE_METHOD_MATCH = YES;
				CODE_SIGN_IDENTITY = "iPhone Developer";
				COPY_PHASE_STRIP = NO;
				DEBUG_INFORMATION_FORMAT = dwarf;
				ENABLE_STRICT_OBJC_MSGSEND = YES;
				ENABLE_TESTABILITY = YES;
				GCC_C_LANGUAGE_STANDARD = gnu11;
				GCC_DYNAMIC_NO_PIC = NO;
				GCC_NO_COMMON_BLOCKS = YES;
				GCC_OPTIMIZATION_LEVEL = 0;
				GCC_PREPROCESSOR_DEFINITIONS = (
					"DEBUG=1",
					"$(inherited)",
				);
				GCC_WARN_64_TO_32_BIT_CONVERSION = YES;
				GCC_WARN_ABOUT_RETURN_TYPE = YES_ERROR;
				GCC_WARN_UNDECLARED_SELECTOR = YES;
				GCC_WARN_UNINITIALIZED_AUTOS = YES_AGGRESSIVE;
				GCC_WARN_UNUSED_FUNCTION = YES;
				GCC_WARN_UNUSED_VARIABLE = YES;
				IPHONEOS_DEPLOYMENT_TARGET = 12.2;
				MTL_ENABLE_DEBUG_INFO = INCLUDE_SOURCE;
				MTL_FAST_MATH = YES;
				ONLY_ACTIVE_ARCH = YES;
				SDKROOT = iphoneos;
			};
			name = Debug;
		};
		922D6F752305DAB9004C0C34 /* Release */ = {
			isa = XCBuildConfiguration;
			buildSettings = {
				ALWAYS_SEARCH_USER_PATHS = NO;
				CLANG_ANALYZER_NONNULL = YES;
				CLANG_ANALYZER_NUMBER_OBJECT_CONVERSION = YES_AGGRESSIVE;
				CLANG_CXX_LANGUAGE_STANDARD = "gnu++14";
				CLANG_CXX_LIBRARY = "libc++";
				CLANG_ENABLE_MODULES = YES;
				CLANG_ENABLE_OBJC_ARC = YES;
				CLANG_ENABLE_OBJC_WEAK = YES;
				CLANG_WARN_BLOCK_CAPTURE_AUTORELEASING = YES;
				CLANG_WARN_BOOL_CONVERSION = YES;
				CLANG_WARN_COMMA = YES;
				CLANG_WARN_CONSTANT_CONVERSION = YES;
				CLANG_WARN_DEPRECATED_OBJC_IMPLEMENTATIONS = YES;
				CLANG_WARN_DIRECT_OBJC_ISA_USAGE = YES_ERROR;
				CLANG_WARN_DOCUMENTATION_COMMENTS = YES;
				CLANG_WARN_EMPTY_BODY = YES;
				CLANG_WARN_ENUM_CONVERSION = YES;
				CLANG_WARN_INFINITE_RECURSION = YES;
				CLANG_WARN_INT_CONVERSION = YES;
				CLANG_WARN_NON_LITERAL_NULL_CONVERSION = YES;
				CLANG_WARN_OBJC_IMPLICIT_RETAIN_SELF = YES;
				CLANG_WARN_OBJC_LITERAL_CONVERSION = YES;
				CLANG_WARN_OBJC_ROOT_CLASS = YES_ERROR;
				CLANG_WARN_RANGE_LOOP_ANALYSIS = YES;
				CLANG_WARN_STRICT_PROTOTYPES = YES;
				CLANG_WARN_SUSPICIOUS_MOVE = YES;
				CLANG_WARN_UNGUARDED_AVAILABILITY = YES_AGGRESSIVE;
				CLANG_WARN_UNREACHABLE_CODE = YES;
				CLANG_WARN__DUPLICATE_METHOD_MATCH = YES;
				CODE_SIGN_IDENTITY = "iPhone Developer";
				COPY_PHASE_STRIP = NO;
				DEBUG_INFORMATION_FORMAT = "dwarf-with-dsym";
				ENABLE_NS_ASSERTIONS = NO;
				ENABLE_STRICT_OBJC_MSGSEND = YES;
				GCC_C_LANGUAGE_STANDARD = gnu11;
				GCC_NO_COMMON_BLOCKS = YES;
				GCC_WARN_64_TO_32_BIT_CONVERSION = YES;
				GCC_WARN_ABOUT_RETURN_TYPE = YES_ERROR;
				GCC_WARN_UNDECLARED_SELECTOR = YES;
				GCC_WARN_UNINITIALIZED_AUTOS = YES_AGGRESSIVE;
				GCC_WARN_UNUSED_FUNCTION = YES;
				GCC_WARN_UNUSED_VARIABLE = YES;
				IPHONEOS_DEPLOYMENT_TARGET = 12.2;
				MTL_ENABLE_DEBUG_INFO = NO;
				MTL_FAST_MATH = YES;
				SDKROOT = iphoneos;
				VALIDATE_PRODUCT = YES;
			};
			name = Release;
		};
		922D6F772305DAB9004C0C34 /* Debug */ = {
			isa = XCBuildConfiguration;
			buildSettings = {
				ASSETCATALOG_COMPILER_APPICON_NAME = AppIcon;
				CLANG_ENABLE_MODULES = YES;
				CODE_SIGN_STYLE = Automatic;
				DEFINES_MODULE = YES;
				DEVELOPMENT_TEAM = 8CD362E4H7;
				INFOPLIST_FILE = PicsNStuff/Info.plist;
				LD_RUNPATH_SEARCH_PATHS = (
					"$(inherited)",
					"@executable_path/Frameworks",
				);
				PRODUCT_BUNDLE_IDENTIFIER = com.swingaroo2.apps.PicsNStuff;
				PRODUCT_NAME = "$(TARGET_NAME)";
				SWIFT_OBJC_BRIDGING_HEADER = "PicsNStuff/Bridging Headers/PicsNStuff-Bridging-Header.h";
				SWIFT_OPTIMIZATION_LEVEL = "-Onone";
				SWIFT_PRECOMPILE_BRIDGING_HEADER = YES;
				SWIFT_VERSION = 5.0;
				TARGETED_DEVICE_FAMILY = "1,2";
			};
			name = Debug;
		};
		922D6F782305DAB9004C0C34 /* Release */ = {
			isa = XCBuildConfiguration;
			buildSettings = {
				ASSETCATALOG_COMPILER_APPICON_NAME = AppIcon;
				CLANG_ENABLE_MODULES = YES;
				CODE_SIGN_STYLE = Automatic;
				DEFINES_MODULE = YES;
				DEVELOPMENT_TEAM = 8CD362E4H7;
				INFOPLIST_FILE = PicsNStuff/Info.plist;
				LD_RUNPATH_SEARCH_PATHS = (
					"$(inherited)",
					"@executable_path/Frameworks",
				);
				PRODUCT_BUNDLE_IDENTIFIER = com.swingaroo2.apps.PicsNStuff;
				PRODUCT_NAME = "$(TARGET_NAME)";
				SWIFT_OBJC_BRIDGING_HEADER = "PicsNStuff/Bridging Headers/PicsNStuff-Bridging-Header.h";
				SWIFT_PRECOMPILE_BRIDGING_HEADER = YES;
				SWIFT_VERSION = 5.0;
				TARGETED_DEVICE_FAMILY = "1,2";
			};
			name = Release;
		};
/* End XCBuildConfiguration section */

/* Begin XCConfigurationList section */
		922D6F452305DAB8004C0C34 /* Build configuration list for PBXProject "PicsNStuff" */ = {
			isa = XCConfigurationList;
			buildConfigurations = (
				922D6F742305DAB9004C0C34 /* Debug */,
				922D6F752305DAB9004C0C34 /* Release */,
			);
			defaultConfigurationIsVisible = 0;
			defaultConfigurationName = Release;
		};
		922D6F762305DAB9004C0C34 /* Build configuration list for PBXNativeTarget "PicsNStuff" */ = {
			isa = XCConfigurationList;
			buildConfigurations = (
				922D6F772305DAB9004C0C34 /* Debug */,
				922D6F782305DAB9004C0C34 /* Release */,
			);
			defaultConfigurationIsVisible = 0;
			defaultConfigurationName = Release;
		};
/* End XCConfigurationList section */
	};
	rootObject = 922D6F422305DAB8004C0C34 /* Project object */;
}
